
Microsoft Visual Studio Solution File, Format Version 12.00
# Visual Studio Version 16
VisualStudioVersion = 16.0.30804.86
MinimumVisualStudioVersion = 10.0.40219.1
Project("{8BC9CEB8-8B4A-11D0-8D11-00A0C91BC942}") = "ConcurrentConsoleOutput", "ConcurrentConsoleOutput\ConcurrentConsoleOutput.vcxproj", "{362FCC57-9A59-4B05-A5EA-426A5D554D5D}"
EndProject
Project("{8BC9CEB8-8B4A-11D0-8D11-00A0C91BC942}") = "IntegerIncrement", "IntegerIncrement\IntegerIncrement.vcxproj", "{FD07E83A-944C-4991-AC1B-93139C730D30}"
EndProject
Project("{FAE04EC0-301F-11D3-BF4B-00C04F79EFBC}") = "AsyncOperations", "AsyncOperations\AsyncOperations.csproj", "{D114ED19-3A49-438F-989F-276452A7AA14}"
EndProject
Project("{2150E333-8FDC-42A3-9474-1A3956D46DE8}") = "Solution Items", "Solution Items", "{FEBE033F-0721-4F03-B391-7FD15AEB4C62}"
	ProjectSection(SolutionItems) = preProject
		Notes.txt = Notes.txt
	EndProjectSection
EndProject
Global
	GlobalSection(SolutionConfigurationPlatforms) = preSolution
		Debug|Any CPU = Debug|Any CPU
		Debug|x64 = Debug|x64
		Debug|x86 = Debug|x86
		Release|Any CPU = Release|Any CPU
		Release|x64 = Release|x64
		Release|x86 = Release|x86
	EndGlobalSection
	GlobalSection(ProjectConfigurationPlatforms) = postSolution
		{362FCC57-9A59-4B05-A5EA-426A5D554D5D}.Debug|Any CPU.ActiveCfg = Debug|Win32
		{362FCC57-9A59-4B05-A5EA-426A5D554D5D}.Debug|x64.ActiveCfg = Debug|x64
		{362FCC57-9A59-4B05-A5EA-426A5D554D5D}.Debug|x64.Build.0 = Debug|x64
		{362FCC57-9A59-4B05-A5EA-426A5D554D5D}.Debug|x86.ActiveCfg = Debug|Win32
		{362FCC57-9A59-4B05-A5EA-426A5D554D5D}.Debug|x86.Build.0 = Debug|Win32
		{362FCC57-9A59-4B05-A5EA-426A5D554D5D}.Release|Any CPU.ActiveCfg = Release|Win32
		{362FCC57-9A59-4B05-A5EA-426A5D554D5D}.Release|x64.ActiveCfg = Release|x64
		{362FCC57-9A59-4B05-A5EA-426A5D554D5D}.Release|x64.Build.0 = Release|x64
		{362FCC57-9A59-4B05-A5EA-426A5D554D5D}.Release|x86.ActiveCfg = Release|Win32
		{362FCC57-9A59-4B05-A5EA-426A5D554D5D}.Release|x86.Build.0 = Release|Win32
		{FD07E83A-944C-4991-AC1B-93139C730D30}.Debug|Any CPU.ActiveCfg = Debug|Win32
		{FD07E83A-944C-4991-AC1B-93139C730D30}.Debug|x64.ActiveCfg = Debug|x64
		{FD07E83A-944C-4991-AC1B-93139C730D30}.Debug|x64.Build.0 = Debug|x64
		{FD07E83A-944C-4991-AC1B-93139C730D30}.Debug|x86.ActiveCfg = Debug|Win32
		{FD07E83A-944C-4991-AC1B-93139C730D30}.Debug|x86.Build.0 = Debug|Win32
		{FD07E83A-944C-4991-AC1B-93139C730D30}.Release|Any CPU.ActiveCfg = Release|Win32
		{FD07E83A-944C-4991-AC1B-93139C730D30}.Release|x64.ActiveCfg = Release|x64
		{FD07E83A-944C-4991-AC1B-93139C730D30}.Release|x64.Build.0 = Release|x64
		{FD07E83A-944C-4991-AC1B-93139C730D30}.Release|x86.ActiveCfg = Release|Win32
		{FD07E83A-944C-4991-AC1B-93139C730D30}.Release|x86.Build.0 = Release|Win32
		{D114ED19-3A49-438F-989F-276452A7AA14}.Debug|Any CPU.ActiveCfg = Debug|Any CPU
		{D114ED19-3A49-438F-989F-276452A7AA14}.Debug|Any CPU.Build.0 = Debug|Any CPU
		{D114ED19-3A49-438F-989F-276452A7AA14}.Debug|x64.ActiveCfg = Debug|Any CPU
		{D114ED19-3A49-438F-989F-276452A7AA14}.Debug|x64.Build.0 = Debug|Any CPU
		{D114ED19-3A49-438F-989F-276452A7AA14}.Debug|x86.ActiveCfg = Debug|Any CPU
		{D114ED19-3A49-438F-989F-276452A7AA14}.Debug|x86.Build.0 = Debug|Any CPU
		{D114ED19-3A49-438F-989F-276452A7AA14}.Release|Any CPU.ActiveCfg = Release|Any CPU
		{D114ED19-3A49-438F-989F-276452A7AA14}.Release|Any CPU.Build.0 = Release|Any CPU
		{D114ED19-3A49-438F-989F-276452A7AA14}.Release|x64.ActiveCfg = Release|Any CPU
		{D114ED19-3A49-438F-989F-276452A7AA14}.Release|x64.Build.0 = Release|Any CPU
		{D114ED19-3A49-438F-989F-276452A7AA14}.Release|x86.ActiveCfg = Release|Any CPU
		{D114ED19-3A49-438F-989F-276452A7AA14}.Release|x86.Build.0 = Release|Any CPU
	EndGlobalSection
	GlobalSection(SolutionProperties) = preSolution
		HideSolutionNode = FALSE
	EndGlobalSection
	GlobalSection(ExtensibilityGlobals) = postSolution
		SolutionGuid = {B9B5427F-8B0F-4863-82A6-28FA413119C7}
	EndGlobalSection
EndGlobal
